
Microsoft Visual Studio Solution File, Format Version 12.00
# Visual Studio 15
VisualStudioVersion = 15.0.28307.1231
MinimumVisualStudioVersion = 10.0.40219.1
Project("{FAE04EC0-301F-11D3-BF4B-00C04F79EFBC}") = "DateTimeCalculator", "DateTimeCalculator\DateTimeCalculator.csproj", "{1BDA3076-CB19-4A7E-948A-E0E19ED31A4E}"
EndProject
Project("{FAE04EC0-301F-11D3-BF4B-00C04F79EFBC}") = "TestStuff", "TestStuff\TestStuff.csproj", "{46E02DFA-CFCF-4402-BC92-2FE25D677840}"
EndProject
Global
	GlobalSection(SolutionConfigurationPlatforms) = preSolution
		Debug|Any CPU = Debug|Any CPU
		Release|Any CPU = Release|Any CPU
	EndGlobalSection
	GlobalSection(ProjectConfigurationPlatforms) = postSolution
		{1BDA3076-CB19-4A7E-948A-E0E19ED31A4E}.Debug|Any CPU.ActiveCfg = Debug|Any CPU
		{1BDA3076-CB19-4A7E-948A-E0E19ED31A4E}.Debug|Any CPU.Build.0 = Debug|Any CPU
		{1BDA3076-CB19-4A7E-948A-E0E19ED31A4E}.Release|Any CPU.ActiveCfg = Release|Any CPU
		{1BDA3076-CB19-4A7E-948A-E0E19ED31A4E}.Release|Any CPU.Build.0 = Release|Any CPU
		{46E02DFA-CFCF-4402-BC92-2FE25D677840}.Debug|Any CPU.ActiveCfg = Debug|Any CPU
		{46E02DFA-CFCF-4402-BC92-2FE25D677840}.Debug|Any CPU.Build.0 = Debug|Any CPU
		{46E02DFA-CFCF-4402-BC92-2FE25D677840}.Release|Any CPU.ActiveCfg = Release|Any CPU
		{46E02DFA-CFCF-4402-BC92-2FE25D677840}.Release|Any CPU.Build.0 = Release|Any CPU
	EndGlobalSection
	GlobalSection(SolutionProperties) = preSolution
		HideSolutionNode = FALSE
	EndGlobalSection
	GlobalSection(ExtensibilityGlobals) = postSolution
		SolutionGuid = {AD69270A-8C62-499A-BC0E-801A3D151116}
	EndGlobalSection
EndGlobal
